
Microsoft Visual Studio Solution File, Format Version 12.00
# Visual Studio 15
VisualStudioVersion = 15.0.28307.106
MinimumVisualStudioVersion = 10.0.40219.1
Project("{FAE04EC0-301F-11D3-BF4B-00C04F79EFBC}") = "Parser", "ConsoleApp1\Parser.csproj", "{A6C74570-49BA-43D7-BE85-4049D5203624}"
EndProject
Global
	GlobalSection(SolutionConfigurationPlatforms) = preSolution
		Debug|Any CPU = Debug|Any CPU
		Release|Any CPU = Release|Any CPU
	EndGlobalSection
	GlobalSection(ProjectConfigurationPlatforms) = postSolution
		{A6C74570-49BA-43D7-BE85-4049D5203624}.Debug|Any CPU.ActiveCfg = Debug|Any CPU
		{A6C74570-49BA-43D7-BE85-4049D5203624}.Debug|Any CPU.Build.0 = Debug|Any CPU
		{A6C74570-49BA-43D7-BE85-4049D5203624}.Release|Any CPU.ActiveCfg = Release|Any CPU
		{A6C74570-49BA-43D7-BE85-4049D5203624}.Release|Any CPU.Build.0 = Release|Any CPU
	EndGlobalSection
	GlobalSection(SolutionProperties) = preSolution
		HideSolutionNode = FALSE
	EndGlobalSection
	GlobalSection(ExtensibilityGlobals) = postSolution
		SolutionGuid = {5736836C-2437-4D43-97E8-287683DA1117}
	EndGlobalSection
EndGlobal
